
Microsoft Visual Studio Solution File, Format Version 12.00
# Visual Studio Version 17
VisualStudioVersion = 17.9.34728.123
MinimumVisualStudioVersion = 10.0.40219.1
Project("{2150E333-8FDC-42A3-9474-1A3956D46DE8}") = "Solution Items", "Solution Items", "{5FD6E649-FEA1-441C-ADBB-8C0513A3C161}"
	ProjectSection(SolutionItems) = preProject
		.gitmodules = .gitmodules
	EndProjectSection
EndProject
Project("{9A19103F-16F7-4668-BE54-9A1E7A4F7556}") = "MI.DEGProcessor", "MI.DEGProcessor\MI.DEGProcessor.csproj", "{3C171A0A-225D-4B67-9FF7-2D376B473511}"
EndProject
Project("{9A19103F-16F7-4668-BE54-9A1E7A4F7556}") = "MI.DEGProcessor.Tests", "MI.DEGProcessor.Tests\MI.DEGProcessor.Tests.csproj", "{8B55F7D7-B487-44B0-B0DA-95CFB99103AF}"
EndProject
Project("{9A19103F-16F7-4668-BE54-9A1E7A4F7556}") = "IGS.DataServices", "external\IGS.DataServices\IGS.DataServices\IGS.DataServices.csproj", "{D0F23FFD-31AB-4F8F-B52F-AC2D6BFC81AD}"
EndProject
Project("{9A19103F-16F7-4668-BE54-9A1E7A4F7556}") = "ML.Models", "external\ML.DataServices\ML.Models\ML.Models.csproj", "{57E31015-FACB-4C7F-B063-ED3676DE019D}"
EndProject
Project("{9A19103F-16F7-4668-BE54-9A1E7A4F7556}") = "NLog.MSMQ.Target.Core", "external\MI.Common\NLog.MSMQ.Target.Core\NLog.MSMQ.Target.Core.csproj", "{4FB9F0AD-0743-4E6B-882A-A704E63E3363}"
EndProject
Project("{9A19103F-16F7-4668-BE54-9A1E7A4F7556}") = "MI.Common", "external\MI.Common\MI.Common\MI.Common.csproj", "{FEABD3A6-C6E7-43D0-91B1-31FE54BF576D}"
EndProject
Project("{9A19103F-16F7-4668-BE54-9A1E7A4F7556}") = "ML.DataServices", "external\ML.DataServices\ML.DataServices\ML.DataServices.csproj", "{116748E8-BAED-41EC-B321-01492409D6F2}"
EndProject
Project("{9A19103F-16F7-4668-BE54-9A1E7A4F7556}") = "IGS.Models", "external\IGS.DataServices\IGS.Models\IGS.Models.csproj", "{6E045B86-5051-4147-802A-A8F3198CB018}"
EndProject
Project("{9A19103F-16F7-4668-BE54-9A1E7A4F7556}") = "ML.Common", "external\MI.Common\ML.Common\ML.Common.csproj", "{18E0EB02-B7A4-4C9D-9A3E-E2676B4B2A99}"
EndProject
Global
	GlobalSection(SolutionConfigurationPlatforms) = preSolution
		Debug|Any CPU = Debug|Any CPU
		Release|Any CPU = Release|Any CPU
	EndGlobalSection
	GlobalSection(ProjectConfigurationPlatforms) = postSolution
		{3C171A0A-225D-4B67-9FF7-2D376B473511}.Debug|Any CPU.ActiveCfg = Debug|Any CPU
		{3C171A0A-225D-4B67-9FF7-2D376B473511}.Debug|Any CPU.Build.0 = Debug|Any CPU
		{3C171A0A-225D-4B67-9FF7-2D376B473511}.Release|Any CPU.ActiveCfg = Release|Any CPU
		{3C171A0A-225D-4B67-9FF7-2D376B473511}.Release|Any CPU.Build.0 = Release|Any CPU
		{8B55F7D7-B487-44B0-B0DA-95CFB99103AF}.Debug|Any CPU.ActiveCfg = Debug|Any CPU
		{8B55F7D7-B487-44B0-B0DA-95CFB99103AF}.Debug|Any CPU.Build.0 = Debug|Any CPU
		{8B55F7D7-B487-44B0-B0DA-95CFB99103AF}.Release|Any CPU.ActiveCfg = Release|Any CPU
		{8B55F7D7-B487-44B0-B0DA-95CFB99103AF}.Release|Any CPU.Build.0 = Release|Any CPU
		{D0F23FFD-31AB-4F8F-B52F-AC2D6BFC81AD}.Debug|Any CPU.ActiveCfg = Debug|Any CPU
		{D0F23FFD-31AB-4F8F-B52F-AC2D6BFC81AD}.Debug|Any CPU.Build.0 = Debug|Any CPU
		{D0F23FFD-31AB-4F8F-B52F-AC2D6BFC81AD}.Release|Any CPU.ActiveCfg = Release|Any CPU
		{D0F23FFD-31AB-4F8F-B52F-AC2D6BFC81AD}.Release|Any CPU.Build.0 = Release|Any CPU
		{57E31015-FACB-4C7F-B063-ED3676DE019D}.Debug|Any CPU.ActiveCfg = Debug|Any CPU
		{57E31015-FACB-4C7F-B063-ED3676DE019D}.Debug|Any CPU.Build.0 = Debug|Any CPU
		{57E31015-FACB-4C7F-B063-ED3676DE019D}.Release|Any CPU.ActiveCfg = Release|Any CPU
		{57E31015-FACB-4C7F-B063-ED3676DE019D}.Release|Any CPU.Build.0 = Release|Any CPU
		{4FB9F0AD-0743-4E6B-882A-A704E63E3363}.Debug|Any CPU.ActiveCfg = Debug|Any CPU
		{4FB9F0AD-0743-4E6B-882A-A704E63E3363}.Debug|Any CPU.Build.0 = Debug|Any CPU
		{4FB9F0AD-0743-4E6B-882A-A704E63E3363}.Release|Any CPU.ActiveCfg = Release|Any CPU
		{4FB9F0AD-0743-4E6B-882A-A704E63E3363}.Release|Any CPU.Build.0 = Release|Any CPU
		{FEABD3A6-C6E7-43D0-91B1-31FE54BF576D}.Debug|Any CPU.ActiveCfg = Debug|Any CPU
		{FEABD3A6-C6E7-43D0-91B1-31FE54BF576D}.Debug|Any CPU.Build.0 = Debug|Any CPU
		{FEABD3A6-C6E7-43D0-91B1-31FE54BF576D}.Release|Any CPU.ActiveCfg = Release|Any CPU
		{FEABD3A6-C6E7-43D0-91B1-31FE54BF576D}.Release|Any CPU.Build.0 = Release|Any CPU
		{116748E8-BAED-41EC-B321-01492409D6F2}.Debug|Any CPU.ActiveCfg = Debug|Any CPU
		{116748E8-BAED-41EC-B321-01492409D6F2}.Debug|Any CPU.Build.0 = Debug|Any CPU
		{116748E8-BAED-41EC-B321-01492409D6F2}.Release|Any CPU.ActiveCfg = Release|Any CPU
		{116748E8-BAED-41EC-B321-01492409D6F2}.Release|Any CPU.Build.0 = Release|Any CPU
		{6E045B86-5051-4147-802A-A8F3198CB018}.Debug|Any CPU.ActiveCfg = Debug|Any CPU
		{6E045B86-5051-4147-802A-A8F3198CB018}.Debug|Any CPU.Build.0 = Debug|Any CPU
		{6E045B86-5051-4147-802A-A8F3198CB018}.Release|Any CPU.ActiveCfg = Release|Any CPU
		{6E045B86-5051-4147-802A-A8F3198CB018}.Release|Any CPU.Build.0 = Release|Any CPU
		{18E0EB02-B7A4-4C9D-9A3E-E2676B4B2A99}.Debug|Any CPU.ActiveCfg = Debug|Any CPU
		{18E0EB02-B7A4-4C9D-9A3E-E2676B4B2A99}.Debug|Any CPU.Build.0 = Debug|Any CPU
		{18E0EB02-B7A4-4C9D-9A3E-E2676B4B2A99}.Release|Any CPU.ActiveCfg = Release|Any CPU
		{18E0EB02-B7A4-4C9D-9A3E-E2676B4B2A99}.Release|Any CPU.Build.0 = Release|Any CPU
	EndGlobalSection
	GlobalSection(SolutionProperties) = preSolution
		HideSolutionNode = FALSE
	EndGlobalSection
	GlobalSection(ExtensibilityGlobals) = postSolution
		SolutionGuid = {808588AA-20BB-457E-8338-29FF232E6AA7}
	EndGlobalSection
EndGlobal
